
Microsoft Visual Studio Solution File, Format Version 11.00
# Visual Studio 2010
Project("{FAE04EC0-301F-11D3-BF4B-00C04F79EFBC}") = "jqueryPlugins", "jqueryPlugins\jqueryPlugins.csproj", "{0792E7C2-823F-4210-9A58-32171C632574}"
EndProject
Project("{FAE04EC0-301F-11D3-BF4B-00C04F79EFBC}") = "javascriptExtends", "javascriptExtends\javascriptExtends.csproj", "{23AEEE47-D672-4BCD-B430-A7C8ECABF757}"
EndProject
Project("{FAE04EC0-301F-11D3-BF4B-00C04F79EFBC}") = "box2dweb-simulator", "box2dweb-simulator\box2dweb-simulator.csproj", "{9338DBE6-17F5-4377-96C7-028BC04AC311}"
EndProject
Global
	GlobalSection(SolutionConfigurationPlatforms) = preSolution
		Debug|Any CPU = Debug|Any CPU
		Release|Any CPU = Release|Any CPU
	EndGlobalSection
	GlobalSection(ProjectConfigurationPlatforms) = postSolution
		{0792E7C2-823F-4210-9A58-32171C632574}.Debug|Any CPU.ActiveCfg = Debug|Any CPU
		{0792E7C2-823F-4210-9A58-32171C632574}.Debug|Any CPU.Build.0 = Debug|Any CPU
		{0792E7C2-823F-4210-9A58-32171C632574}.Release|Any CPU.ActiveCfg = Release|Any CPU
		{0792E7C2-823F-4210-9A58-32171C632574}.Release|Any CPU.Build.0 = Release|Any CPU
		{23AEEE47-D672-4BCD-B430-A7C8ECABF757}.Debug|Any CPU.ActiveCfg = Debug|Any CPU
		{23AEEE47-D672-4BCD-B430-A7C8ECABF757}.Debug|Any CPU.Build.0 = Debug|Any CPU
		{23AEEE47-D672-4BCD-B430-A7C8ECABF757}.Release|Any CPU.ActiveCfg = Release|Any CPU
		{23AEEE47-D672-4BCD-B430-A7C8ECABF757}.Release|Any CPU.Build.0 = Release|Any CPU
		{9338DBE6-17F5-4377-96C7-028BC04AC311}.Debug|Any CPU.ActiveCfg = Debug|Any CPU
		{9338DBE6-17F5-4377-96C7-028BC04AC311}.Debug|Any CPU.Build.0 = Debug|Any CPU
		{9338DBE6-17F5-4377-96C7-028BC04AC311}.Release|Any CPU.ActiveCfg = Release|Any CPU
		{9338DBE6-17F5-4377-96C7-028BC04AC311}.Release|Any CPU.Build.0 = Release|Any CPU
	EndGlobalSection
	GlobalSection(SolutionProperties) = preSolution
		HideSolutionNode = FALSE
	EndGlobalSection
EndGlobal
