
Microsoft Visual Studio Solution File, Format Version 11.00
# Visual Studio 2010
Project("{FAE04EC0-301F-11D3-BF4B-00C04F79EFBC}") = "jqueryPlugins", "jqueryPlugins\jqueryPlugins.csproj", "{0792E7C2-823F-4210-9A58-32171C632574}"
EndProject
Project("{FAE04EC0-301F-11D3-BF4B-00C04F79EFBC}") = "javascriptExtends", "javascriptExtends\javascriptExtends.csproj", "{23AEEE47-D672-4BCD-B430-A7C8ECABF757}"
EndProject
Project("{FAE04EC0-301F-11D3-BF4B-00C04F79EFBC}") = "box2dweb-simulator", "box2dweb-simulator\box2dweb-simulator.csproj", "{9338DBE6-17F5-4377-96C7-028BC04AC311}"
EndProject
Project("{FAE04EC0-301F-11D3-BF4B-00C04F79EFBC}") = "ImageManager", "ImageManager\ImageManager.csproj", "{38C56C7E-D613-43E7-B379-9623ABE1E816}"
EndProject
Project("{FAE04EC0-301F-11D3-BF4B-00C04F79EFBC}") = "html5.websocket", "html5.websocket\html5.websocket.csproj", "{85505A4C-ECAC-4884-90E8-21F479811DFF}"
EndProject
Project("{FAE04EC0-301F-11D3-BF4B-00C04F79EFBC}") = "jquery.unit.testing", "jquery.unit.testing\jquery.unit.testing.csproj", "{D786E14C-7CFB-4B96-A419-6F15706474F3}"
EndProject
Project("{FAE04EC0-301F-11D3-BF4B-00C04F79EFBC}") = "box2dweb.demo", "box2dweb.demo\box2dweb.demo.csproj", "{D2464590-8D2C-4F01-87FC-1A4F9CEE1C5C}"
EndProject
Project("{FAE04EC0-301F-11D3-BF4B-00C04F79EFBC}") = "html.LayoutEngine", "html.LayoutEngine\html.LayoutEngine.csproj", "{84C01501-7B1E-4A44-86E5-E3A0FBBA718E}"
EndProject
Global
	GlobalSection(SolutionConfigurationPlatforms) = preSolution
		Debug|Any CPU = Debug|Any CPU
		Release|Any CPU = Release|Any CPU
	EndGlobalSection
	GlobalSection(ProjectConfigurationPlatforms) = postSolution
		{0792E7C2-823F-4210-9A58-32171C632574}.Debug|Any CPU.ActiveCfg = Debug|Any CPU
		{0792E7C2-823F-4210-9A58-32171C632574}.Debug|Any CPU.Build.0 = Debug|Any CPU
		{0792E7C2-823F-4210-9A58-32171C632574}.Release|Any CPU.ActiveCfg = Release|Any CPU
		{0792E7C2-823F-4210-9A58-32171C632574}.Release|Any CPU.Build.0 = Release|Any CPU
		{23AEEE47-D672-4BCD-B430-A7C8ECABF757}.Debug|Any CPU.ActiveCfg = Debug|Any CPU
		{23AEEE47-D672-4BCD-B430-A7C8ECABF757}.Debug|Any CPU.Build.0 = Debug|Any CPU
		{23AEEE47-D672-4BCD-B430-A7C8ECABF757}.Release|Any CPU.ActiveCfg = Release|Any CPU
		{23AEEE47-D672-4BCD-B430-A7C8ECABF757}.Release|Any CPU.Build.0 = Release|Any CPU
		{9338DBE6-17F5-4377-96C7-028BC04AC311}.Debug|Any CPU.ActiveCfg = Debug|Any CPU
		{9338DBE6-17F5-4377-96C7-028BC04AC311}.Debug|Any CPU.Build.0 = Debug|Any CPU
		{9338DBE6-17F5-4377-96C7-028BC04AC311}.Release|Any CPU.ActiveCfg = Release|Any CPU
		{9338DBE6-17F5-4377-96C7-028BC04AC311}.Release|Any CPU.Build.0 = Release|Any CPU
		{38C56C7E-D613-43E7-B379-9623ABE1E816}.Debug|Any CPU.ActiveCfg = Debug|Any CPU
		{38C56C7E-D613-43E7-B379-9623ABE1E816}.Debug|Any CPU.Build.0 = Debug|Any CPU
		{38C56C7E-D613-43E7-B379-9623ABE1E816}.Release|Any CPU.ActiveCfg = Release|Any CPU
		{38C56C7E-D613-43E7-B379-9623ABE1E816}.Release|Any CPU.Build.0 = Release|Any CPU
		{85505A4C-ECAC-4884-90E8-21F479811DFF}.Debug|Any CPU.ActiveCfg = Debug|Any CPU
		{85505A4C-ECAC-4884-90E8-21F479811DFF}.Debug|Any CPU.Build.0 = Debug|Any CPU
		{85505A4C-ECAC-4884-90E8-21F479811DFF}.Release|Any CPU.ActiveCfg = Release|Any CPU
		{85505A4C-ECAC-4884-90E8-21F479811DFF}.Release|Any CPU.Build.0 = Release|Any CPU
		{D786E14C-7CFB-4B96-A419-6F15706474F3}.Debug|Any CPU.ActiveCfg = Debug|Any CPU
		{D786E14C-7CFB-4B96-A419-6F15706474F3}.Debug|Any CPU.Build.0 = Debug|Any CPU
		{D786E14C-7CFB-4B96-A419-6F15706474F3}.Release|Any CPU.ActiveCfg = Release|Any CPU
		{D786E14C-7CFB-4B96-A419-6F15706474F3}.Release|Any CPU.Build.0 = Release|Any CPU
		{D2464590-8D2C-4F01-87FC-1A4F9CEE1C5C}.Debug|Any CPU.ActiveCfg = Debug|Any CPU
		{D2464590-8D2C-4F01-87FC-1A4F9CEE1C5C}.Debug|Any CPU.Build.0 = Debug|Any CPU
		{D2464590-8D2C-4F01-87FC-1A4F9CEE1C5C}.Release|Any CPU.ActiveCfg = Release|Any CPU
		{D2464590-8D2C-4F01-87FC-1A4F9CEE1C5C}.Release|Any CPU.Build.0 = Release|Any CPU
		{84C01501-7B1E-4A44-86E5-E3A0FBBA718E}.Debug|Any CPU.ActiveCfg = Debug|Any CPU
		{84C01501-7B1E-4A44-86E5-E3A0FBBA718E}.Debug|Any CPU.Build.0 = Debug|Any CPU
		{84C01501-7B1E-4A44-86E5-E3A0FBBA718E}.Release|Any CPU.ActiveCfg = Release|Any CPU
		{84C01501-7B1E-4A44-86E5-E3A0FBBA718E}.Release|Any CPU.Build.0 = Release|Any CPU
	EndGlobalSection
	GlobalSection(SolutionProperties) = preSolution
		HideSolutionNode = FALSE
	EndGlobalSection
EndGlobal
